
Microsoft Visual Studio Solution File, Format Version 12.00
# Visual Studio 2012
Project("{FAE04EC0-301F-11D3-BF4B-00C04F79EFBC}") = "101210_AH_SSOiBD", "101210_AH_SSOiBD\101210_AH_SSOiBD.csproj", "{CF76A9CA-BCFB-4298-BE41-EB7C174D13EF}"
EndProject
Global
	GlobalSection(SolutionConfigurationPlatforms) = preSolution
		Debug|Any CPU = Debug|Any CPU
		Release|Any CPU = Release|Any CPU
	EndGlobalSection
	GlobalSection(ProjectConfigurationPlatforms) = postSolution
		{CF76A9CA-BCFB-4298-BE41-EB7C174D13EF}.Debug|Any CPU.ActiveCfg = Debug|Any CPU
		{CF76A9CA-BCFB-4298-BE41-EB7C174D13EF}.Debug|Any CPU.Build.0 = Debug|Any CPU
		{CF76A9CA-BCFB-4298-BE41-EB7C174D13EF}.Release|Any CPU.ActiveCfg = Release|Any CPU
		{CF76A9CA-BCFB-4298-BE41-EB7C174D13EF}.Release|Any CPU.Build.0 = Release|Any CPU
	EndGlobalSection
	GlobalSection(SolutionProperties) = preSolution
		HideSolutionNode = FALSE
	EndGlobalSection
EndGlobal
